{
    "version": 3,
    "terraform_version": "0.11.13",
    "serial": 4,
    "lineage": "bab64ce6-d686-6b11-6c4c-3c9d1535a64a",
    "modules": [
        {
            "path": [
                "root"
            ],
            "outputs": {},
            "resources": {
                "aws_iam_group.Management": {
                    "type": "aws_iam_group",
                    "depends_on": [],
                    "primary": {
                        "id": "Management",
                        "attributes": {
                            "arn": "arn:aws:iam::489208672142:group/Management",
                            "id": "Management",
                            "name": "Management",
                            "path": "/",
                            "unique_id": "AGPAXDZY356HHSSQ4CYRF"
                        },
                        "meta": {},
                        "tainted": false
                    },
                    "deposed": [],
                    "provider": "provider.aws"
                },
                "aws_iam_group.developers1": {
                    "type": "aws_iam_group",
                    "depends_on": [],
                    "primary": {
                        "id": "developers1",
                        "attributes": {
                            "arn": "arn:aws:iam::489208672142:group/developers1",
                            "id": "developers1",
                            "name": "developers1",
                            "path": "/",
                            "unique_id": "AGPAXDZY356HAMETLUQIO"
                        },
                        "meta": {},
                        "tainted": false
                    },
                    "deposed": [],
                    "provider": "provider.aws"
                },
                "aws_iam_group_membership.Management_team": {
                    "type": "aws_iam_group_membership",
                    "depends_on": [
                        "aws_iam_group.Management",
                        "aws_iam_user.ben"
                    ],
                    "primary": {
                        "id": "Management-group-membership",
                        "attributes": {
                            "group": "Management",
                            "id": "Management-group-membership",
                            "name": "Management-group-membership",
                            "users.#": "1",
                            "users.110237153": "ben"
                        },
                        "meta": {},
                        "tainted": false
                    },
                    "deposed": [],
                    "provider": "provider.aws"
                },
                "aws_iam_group_membership.developers1_team": {
                    "type": "aws_iam_group_membership",
                    "depends_on": [
                        "aws_iam_group.developers1",
                        "aws_iam_user.ben",
                        "aws_iam_user.bob",
                        "aws_iam_user.tom"
                    ],
                    "primary": {
                        "id": "developers1-group-membership",
                        "attributes": {
                            "group": "developers1",
                            "id": "developers1-group-membership",
                            "name": "developers1-group-membership",
                            "users.#": "3",
                            "users.110237153": "ben",
                            "users.2111795987": "tom",
                            "users.4123767104": "bob"
                        },
                        "meta": {},
                        "tainted": false
                    },
                    "deposed": [],
                    "provider": "provider.aws"
                },
                "aws_iam_user.ben": {
                    "type": "aws_iam_user",
                    "depends_on": [],
                    "primary": {
                        "id": "ben",
                        "attributes": {
                            "arn": "arn:aws:iam::489208672142:user/ben",
                            "force_destroy": "false",
                            "id": "ben",
                            "name": "ben",
                            "path": "/",
                            "tags.%": "0",
                            "unique_id": "AIDAXDZY356HINQO2WSKR"
                        },
                        "meta": {},
                        "tainted": false
                    },
                    "deposed": [],
                    "provider": "provider.aws"
                },
                "aws_iam_user.bob": {
                    "type": "aws_iam_user",
                    "depends_on": [],
                    "primary": {
                        "id": "bob",
                        "attributes": {
                            "arn": "arn:aws:iam::489208672142:user/bob",
                            "force_destroy": "false",
                            "id": "bob",
                            "name": "bob",
                            "path": "/",
                            "tags.%": "0",
                            "unique_id": "AIDAXDZY356HG63AK53Z2"
                        },
                        "meta": {},
                        "tainted": false
                    },
                    "deposed": [],
                    "provider": "provider.aws"
                },
                "aws_iam_user.tom": {
                    "type": "aws_iam_user",
                    "depends_on": [],
                    "primary": {
                        "id": "tom",
                        "attributes": {
                            "arn": "arn:aws:iam::489208672142:user/tom",
                            "force_destroy": "false",
                            "id": "tom",
                            "name": "tom",
                            "path": "/",
                            "tags.%": "0",
                            "unique_id": "AIDAXDZY356HJAFLSQIEI"
                        },
                        "meta": {},
                        "tainted": false
                    },
                    "deposed": [],
                    "provider": "provider.aws"
                },
                "aws_s3_bucket.b": {
                    "type": "aws_s3_bucket",
                    "depends_on": [],
                    "primary": {
                        "id": "alia-tf-test-bucket",
                        "attributes": {
                            "acceleration_status": "",
                            "acl": "private",
                            "arn": "arn:aws:s3:::alia-tf-test-bucket",
                            "bucket": "alia-tf-test-bucket",
                            "bucket_domain_name": "alia-tf-test-bucket.s3.amazonaws.com",
                            "bucket_regional_domain_name": "alia-tf-test-bucket.s3.us-east-2.amazonaws.com",
                            "cors_rule.#": "0",
                            "force_destroy": "false",
                            "grant.#": "0",
                            "hosted_zone_id": "Z2O1EMRO9K5GLX",
                            "id": "alia-tf-test-bucket",
                            "lifecycle_rule.#": "0",
                            "logging.#": "0",
                            "object_lock_configuration.#": "0",
                            "region": "us-east-2",
                            "replication_configuration.#": "0",
                            "request_payer": "BucketOwner",
                            "server_side_encryption_configuration.#": "0",
                            "tags.%": "2",
                            "tags.Environment": "Dev",
                            "tags.Name": "My bucket",
                            "versioning.#": "1",
                            "versioning.0.enabled": "true",
                            "versioning.0.mfa_delete": "false",
                            "website.#": "0"
                        },
                        "meta": {},
                        "tainted": false
                    },
                    "deposed": [],
                    "provider": "provider.aws"
                }
            },
            "depends_on": []
        }
    ]
}